
Microsoft Visual Studio Solution File, Format Version 12.00
# Visual Studio Version 17
VisualStudioVersion = 17.14.36623.8 d17.14
MinimumVisualStudioVersion = 10.0.40219.1
Project("{FAE04EC0-301F-11D3-BF4B-00C04F79EFBC}") = "SampleUseDemo", "SampleUseDemo\SampleUseDemo.csproj", "{45A458AF-B6FD-444C-8E4D-87B159BE9C0B}"
EndProject
Global
	GlobalSection(SolutionConfigurationPlatforms) = preSolution
		Debug|Any CPU = Debug|Any CPU
		Release|Any CPU = Release|Any CPU
	EndGlobalSection
	GlobalSection(ProjectConfigurationPlatforms) = postSolution
		{45A458AF-B6FD-444C-8E4D-87B159BE9C0B}.Debug|Any CPU.ActiveCfg = Debug|Any CPU
		{45A458AF-B6FD-444C-8E4D-87B159BE9C0B}.Debug|Any CPU.Build.0 = Debug|Any CPU
		{45A458AF-B6FD-444C-8E4D-87B159BE9C0B}.Release|Any CPU.ActiveCfg = Release|Any CPU
		{45A458AF-B6FD-444C-8E4D-87B159BE9C0B}.Release|Any CPU.Build.0 = Release|Any CPU
	EndGlobalSection
	GlobalSection(SolutionProperties) = preSolution
		HideSolutionNode = FALSE
	EndGlobalSection
	GlobalSection(ExtensibilityGlobals) = postSolution
		SolutionGuid = {41C2EF5A-D4F5-42C7-BA15-EE54C52B19E7}
	EndGlobalSection
EndGlobal
